
Microsoft Visual Studio Solution File, Format Version 12.00
# Visual Studio 14
VisualStudioVersion = 14.0.24720.0
MinimumVisualStudioVersion = 10.0.40219.1
Project("{FAE04EC0-301F-11D3-BF4B-00C04F79EFBC}") = "JsonNetDiscriminator.Net40", "JsonNetDiscriminator\JsonNetDiscriminator.Net40.csproj", "{78B3B68B-092E-49E8-8645-7014F19AF090}"
EndProject
Project("{FAE04EC0-301F-11D3-BF4B-00C04F79EFBC}") = "JsonNetDiscriminator.Net40.Test", "JsonNetDiscriminator.Test\JsonNetDiscriminator.Net40.Test.csproj", "{CD6C3DF4-AAFF-48E9-A7CD-FC374FD7F7E8}"
EndProject
Global
	GlobalSection(SolutionConfigurationPlatforms) = preSolution
		Debug|Any CPU = Debug|Any CPU
		Release|Any CPU = Release|Any CPU
	EndGlobalSection
	GlobalSection(ProjectConfigurationPlatforms) = postSolution
		{78B3B68B-092E-49E8-8645-7014F19AF090}.Debug|Any CPU.ActiveCfg = Debug|Any CPU
		{78B3B68B-092E-49E8-8645-7014F19AF090}.Debug|Any CPU.Build.0 = Debug|Any CPU
		{78B3B68B-092E-49E8-8645-7014F19AF090}.Release|Any CPU.ActiveCfg = Release|Any CPU
		{78B3B68B-092E-49E8-8645-7014F19AF090}.Release|Any CPU.Build.0 = Release|Any CPU
		{CD6C3DF4-AAFF-48E9-A7CD-FC374FD7F7E8}.Debug|Any CPU.ActiveCfg = Debug|Any CPU
		{CD6C3DF4-AAFF-48E9-A7CD-FC374FD7F7E8}.Debug|Any CPU.Build.0 = Debug|Any CPU
		{CD6C3DF4-AAFF-48E9-A7CD-FC374FD7F7E8}.Release|Any CPU.ActiveCfg = Release|Any CPU
		{CD6C3DF4-AAFF-48E9-A7CD-FC374FD7F7E8}.Release|Any CPU.Build.0 = Release|Any CPU
	EndGlobalSection
	GlobalSection(SolutionProperties) = preSolution
		HideSolutionNode = FALSE
	EndGlobalSection
	GlobalSection(AutomaticVersions) = postSolution
		PrimaryVersionType.Release|Any CPU = AssemblyVersionAttribute
		UpdateAssemblyVersion.Release|Any CPU = True
		UpdateAssemblyFileVersion.Release|Any CPU = True
		UpdateAssemblyInfoVersion.Release|Any CPU = False
		AssemblyVersionSettings.Release|Any CPU = None.None.None.Increment
		AssemblyFileVersionSettings.Release|Any CPU = None.None.None.Increment
	EndGlobalSection
EndGlobal
